
Microsoft Visual Studio Solution File, Format Version 12.00
# Visual Studio Version 17
VisualStudioVersion = 17.10.35122.118
MinimumVisualStudioVersion = 10.0.40219.1
Project("{FAE04EC0-301F-11D3-BF4B-00C04F79EFBC}") = "CapaPresentacion", "proyecto-TallerII\CapaPresentacion.csproj", "{29CD60C1-9176-48ED-BEDA-2E3C21D5282E}"
EndProject
Project("{FAE04EC0-301F-11D3-BF4B-00C04F79EFBC}") = "Capa_Entidad", "Capa_Entidad\Capa_Entidad.csproj", "{6A8B866A-FCB8-4430-83CD-23CEB98C1F00}"
EndProject
Project("{FAE04EC0-301F-11D3-BF4B-00C04F79EFBC}") = "Capa_Negocio", "Capa_Negocio\Capa_Negocio.csproj", "{F8AB510F-CBB3-44D8-8BEA-E67FB63B347C}"
EndProject
Project("{FAE04EC0-301F-11D3-BF4B-00C04F79EFBC}") = "Capa_Datos", "Capa_Datos\Capa_Datos.csproj", "{50CCF601-45CA-4001-8363-B3E147032800}"
EndProject
Global
	GlobalSection(SolutionConfigurationPlatforms) = preSolution
		Debug|Any CPU = Debug|Any CPU
		Release|Any CPU = Release|Any CPU
	EndGlobalSection
	GlobalSection(ProjectConfigurationPlatforms) = postSolution
		{29CD60C1-9176-48ED-BEDA-2E3C21D5282E}.Debug|Any CPU.ActiveCfg = Debug|Any CPU
		{29CD60C1-9176-48ED-BEDA-2E3C21D5282E}.Debug|Any CPU.Build.0 = Debug|Any CPU
		{29CD60C1-9176-48ED-BEDA-2E3C21D5282E}.Release|Any CPU.ActiveCfg = Release|Any CPU
		{29CD60C1-9176-48ED-BEDA-2E3C21D5282E}.Release|Any CPU.Build.0 = Release|Any CPU
		{6A8B866A-FCB8-4430-83CD-23CEB98C1F00}.Debug|Any CPU.ActiveCfg = Debug|Any CPU
		{6A8B866A-FCB8-4430-83CD-23CEB98C1F00}.Debug|Any CPU.Build.0 = Debug|Any CPU
		{6A8B866A-FCB8-4430-83CD-23CEB98C1F00}.Release|Any CPU.ActiveCfg = Release|Any CPU
		{6A8B866A-FCB8-4430-83CD-23CEB98C1F00}.Release|Any CPU.Build.0 = Release|Any CPU
		{F8AB510F-CBB3-44D8-8BEA-E67FB63B347C}.Debug|Any CPU.ActiveCfg = Debug|Any CPU
		{F8AB510F-CBB3-44D8-8BEA-E67FB63B347C}.Debug|Any CPU.Build.0 = Debug|Any CPU
		{F8AB510F-CBB3-44D8-8BEA-E67FB63B347C}.Release|Any CPU.ActiveCfg = Release|Any CPU
		{F8AB510F-CBB3-44D8-8BEA-E67FB63B347C}.Release|Any CPU.Build.0 = Release|Any CPU
		{50CCF601-45CA-4001-8363-B3E147032800}.Debug|Any CPU.ActiveCfg = Debug|Any CPU
		{50CCF601-45CA-4001-8363-B3E147032800}.Debug|Any CPU.Build.0 = Debug|Any CPU
		{50CCF601-45CA-4001-8363-B3E147032800}.Release|Any CPU.ActiveCfg = Release|Any CPU
		{50CCF601-45CA-4001-8363-B3E147032800}.Release|Any CPU.Build.0 = Release|Any CPU
	EndGlobalSection
	GlobalSection(SolutionProperties) = preSolution
		HideSolutionNode = FALSE
	EndGlobalSection
	GlobalSection(ExtensibilityGlobals) = postSolution
		SolutionGuid = {C39FD2A5-B198-4E6D-A2C2-EE246D804C87}
	EndGlobalSection
EndGlobal
